
Microsoft Visual Studio Solution File, Format Version 12.00
# Visual Studio Version 17
VisualStudioVersion = 17.11.35312.102
MinimumVisualStudioVersion = 10.0.40219.1
Project("{9A19103F-16F7-4668-BE54-9A1E7A4F7556}") = "DisssFunctions", "DisssFunctions\DisssFunctions.csproj", "{F8BE2E1B-E73D-4904-B71A-8BC20A962E07}"
EndProject
Project("{9A19103F-16F7-4668-BE54-9A1E7A4F7556}") = "Client", "Client\Client.csproj", "{A7E00024-74F4-4859-87CA-FC0566A46AF3}"
EndProject
Project("{9A19103F-16F7-4668-BE54-9A1E7A4F7556}") = "Common", "Common\Common.csproj", "{14B00AA3-A45F-4160-ABBB-1D5D3AC1B6CF}"
EndProject
Global
	GlobalSection(SolutionConfigurationPlatforms) = preSolution
		Debug|Any CPU = Debug|Any CPU
		Release|Any CPU = Release|Any CPU
	EndGlobalSection
	GlobalSection(ProjectConfigurationPlatforms) = postSolution
		{F8BE2E1B-E73D-4904-B71A-8BC20A962E07}.Debug|Any CPU.ActiveCfg = Debug|Any CPU
		{F8BE2E1B-E73D-4904-B71A-8BC20A962E07}.Debug|Any CPU.Build.0 = Debug|Any CPU
		{F8BE2E1B-E73D-4904-B71A-8BC20A962E07}.Release|Any CPU.ActiveCfg = Release|Any CPU
		{F8BE2E1B-E73D-4904-B71A-8BC20A962E07}.Release|Any CPU.Build.0 = Release|Any CPU
		{A7E00024-74F4-4859-87CA-FC0566A46AF3}.Debug|Any CPU.ActiveCfg = Debug|Any CPU
		{A7E00024-74F4-4859-87CA-FC0566A46AF3}.Debug|Any CPU.Build.0 = Debug|Any CPU
		{A7E00024-74F4-4859-87CA-FC0566A46AF3}.Release|Any CPU.ActiveCfg = Release|Any CPU
		{A7E00024-74F4-4859-87CA-FC0566A46AF3}.Release|Any CPU.Build.0 = Release|Any CPU
		{14B00AA3-A45F-4160-ABBB-1D5D3AC1B6CF}.Debug|Any CPU.ActiveCfg = Debug|Any CPU
		{14B00AA3-A45F-4160-ABBB-1D5D3AC1B6CF}.Debug|Any CPU.Build.0 = Debug|Any CPU
		{14B00AA3-A45F-4160-ABBB-1D5D3AC1B6CF}.Release|Any CPU.ActiveCfg = Release|Any CPU
		{14B00AA3-A45F-4160-ABBB-1D5D3AC1B6CF}.Release|Any CPU.Build.0 = Release|Any CPU
	EndGlobalSection
	GlobalSection(SolutionProperties) = preSolution
		HideSolutionNode = FALSE
	EndGlobalSection
	GlobalSection(ExtensibilityGlobals) = postSolution
		SolutionGuid = {E6E23A90-DB6B-4930-AA90-96EDE3B3E429}
	EndGlobalSection
EndGlobal
